// !$*UTF8*$!
{
	archiveVersion = 1;
	classes = {
	};
	objectVersion = 55;
	objects = {

/* Begin PBXBuildFile section */
		FB7042DC271395130073A62E /* GameOfThronesQuotesApp.swift in Sources */ = {isa = PBXBuildFile; fileRef = FB7042DB271395130073A62E /* GameOfThronesQuotesApp.swift */; };
		FB7042DE271395130073A62E /* ContentView.swift in Sources */ = {isa = PBXBuildFile; fileRef = FB7042DD271395130073A62E /* ContentView.swift */; };
		FB7042E02713951E0073A62E /* Assets.xcassets in Resources */ = {isa = PBXBuildFile; fileRef = FB7042DF2713951E0073A62E /* Assets.xcassets */; };
		FB7042E32713951E0073A62E /* Preview Assets.xcassets in Resources */ = {isa = PBXBuildFile; fileRef = FB7042E22713951E0073A62E /* Preview Assets.xcassets */; };
		FB7042ED2714E6880073A62E /* APIConestants.swift in Sources */ = {isa = PBXBuildFile; fileRef = FB7042EC2714E6880073A62E /* APIConestants.swift */; };
		FB7042EF2714E70A0073A62E /* Quote.swift in Sources */ = {isa = PBXBuildFile; fileRef = FB7042EE2714E70A0073A62E /* Quote.swift */; };
		FB7042F72717270A0073A62E /* CharacterViewModel.swift in Sources */ = {isa = PBXBuildFile; fileRef = FB7042F62717270A0073A62E /* CharacterViewModel.swift */; };
		FB7042F9271727240073A62E /* CharacterService.swift in Sources */ = {isa = PBXBuildFile; fileRef = FB7042F8271727230073A62E /* CharacterService.swift */; };
		FB7042FD271727590073A62E /* CharacterView.swift in Sources */ = {isa = PBXBuildFile; fileRef = FB7042FC271727590073A62E /* CharacterView.swift */; };
		FB7042FF2717276C0073A62E /* CharactersScreen.swift in Sources */ = {isa = PBXBuildFile; fileRef = FB7042FE2717276C0073A62E /* CharactersScreen.swift */; };
		FB704305271727F20073A62E /* Loading.swift in Sources */ = {isa = PBXBuildFile; fileRef = FB704304271727F20073A62E /* Loading.swift */; };
/* End PBXBuildFile section */

/* Begin PBXFileReference section */
		FB7042D8271395120073A62E /* GameOfThronesQuotes.app */ = {isa = PBXFileReference; explicitFileType = wrapper.application; includeInIndex = 0; path = GameOfThronesQuotes.app; sourceTree = BUILT_PRODUCTS_DIR; };
		FB7042DB271395130073A62E /* GameOfThronesQuotesApp.swift */ = {isa = PBXFileReference; lastKnownFileType = sourcecode.swift; path = GameOfThronesQuotesApp.swift; sourceTree = "<group>"; };
		FB7042DD271395130073A62E /* ContentView.swift */ = {isa = PBXFileReference; lastKnownFileType = sourcecode.swift; path = ContentView.swift; sourceTree = "<group>"; };
		FB7042DF2713951E0073A62E /* Assets.xcassets */ = {isa = PBXFileReference; lastKnownFileType = folder.assetcatalog; path = Assets.xcassets; sourceTree = "<group>"; };
		FB7042E22713951E0073A62E /* Preview Assets.xcassets */ = {isa = PBXFileReference; lastKnownFileType = folder.assetcatalog; path = "Preview Assets.xcassets"; sourceTree = "<group>"; };
		FB7042EC2714E6880073A62E /* APIConestants.swift */ = {isa = PBXFileReference; lastKnownFileType = sourcecode.swift; path = APIConestants.swift; sourceTree = "<group>"; };
		FB7042EE2714E70A0073A62E /* Quote.swift */ = {isa = PBXFileReference; lastKnownFileType = sourcecode.swift; path = Quote.swift; sourceTree = "<group>"; };
		FB7042F62717270A0073A62E /* CharacterViewModel.swift */ = {isa = PBXFileReference; lastKnownFileType = sourcecode.swift; path = CharacterViewModel.swift; sourceTree = "<group>"; };
		FB7042F8271727230073A62E /* CharacterService.swift */ = {isa = PBXFileReference; lastKnownFileType = sourcecode.swift; path = CharacterService.swift; sourceTree = "<group>"; };
		FB7042FC271727590073A62E /* CharacterView.swift */ = {isa = PBXFileReference; lastKnownFileType = sourcecode.swift; path = CharacterView.swift; sourceTree = "<group>"; };
		FB7042FE2717276C0073A62E /* CharactersScreen.swift */ = {isa = PBXFileReference; lastKnownFileType = sourcecode.swift; path = CharactersScreen.swift; sourceTree = "<group>"; };
		FB704304271727F20073A62E /* Loading.swift */ = {isa = PBXFileReference; lastKnownFileType = sourcecode.swift; path = Loading.swift; sourceTree = "<group>"; };
/* End PBXFileReference section */

/* Begin PBXFrameworksBuildPhase section */
		FB7042D5271395120073A62E /* Frameworks */ = {
			isa = PBXFrameworksBuildPhase;
			buildActionMask = 2147483647;
			files = (
			);
			runOnlyForDeploymentPostprocessing = 0;
		};
/* End PBXFrameworksBuildPhase section */

/* Begin PBXGroup section */
		FB7042CF271395110073A62E = {
			isa = PBXGroup;
			children = (
				FB7042DA271395120073A62E /* GameOfThronesQuotes */,
				FB7042D9271395120073A62E /* Products */,
			);
			sourceTree = "<group>";
		};
		FB7042D9271395120073A62E /* Products */ = {
			isa = PBXGroup;
			children = (
				FB7042D8271395120073A62E /* GameOfThronesQuotes.app */,
			);
			name = Products;
			sourceTree = "<group>";
		};
		FB7042DA271395120073A62E /* GameOfThronesQuotes */ = {
			isa = PBXGroup;
			children = (
				FB704301271727B80073A62E /* Base */,
				FB7043002717279C0073A62E /* Feature */,
				FB7042DB271395130073A62E /* GameOfThronesQuotesApp.swift */,
				FB7042DD271395130073A62E /* ContentView.swift */,
				FB7042DF2713951E0073A62E /* Assets.xcassets */,
				FB7042E12713951E0073A62E /* Preview Content */,
			);
			path = GameOfThronesQuotes;
			sourceTree = "<group>";
		};
		FB7042E12713951E0073A62E /* Preview Content */ = {
			isa = PBXGroup;
			children = (
				FB7042E22713951E0073A62E /* Preview Assets.xcassets */,
			);
			path = "Preview Content";
			sourceTree = "<group>";
		};
		FB7042EB2714E6550073A62E /* Model */ = {
			isa = PBXGroup;
			children = (
				FB7042EE2714E70A0073A62E /* Quote.swift */,
			);
			path = Model;
			sourceTree = "<group>";
		};
		FB7042F0271724F50073A62E /* APIContants */ = {
			isa = PBXGroup;
			children = (
				FB7042EC2714E6880073A62E /* APIConestants.swift */,
			);
			path = APIContants;
			sourceTree = "<group>";
		};
		FB7042F12717256B0073A62E /* Characters */ = {
			isa = PBXGroup;
			children = (
				FB7042F5271726D60073A62E /* ViewModel */,
				FB7042F4271726CB0073A62E /* Service */,
				FB7042F3271726BE0073A62E /* Views */,
				FB7042F2271725E70073A62E /* Screen */,
				FB7042EB2714E6550073A62E /* Model */,
			);
			path = Characters;
			sourceTree = "<group>";
		};
		FB7042F2271725E70073A62E /* Screen */ = {
			isa = PBXGroup;
			children = (
				FB7042FE2717276C0073A62E /* CharactersScreen.swift */,
			);
			path = Screen;
			sourceTree = "<group>";
		};
		FB7042F3271726BE0073A62E /* Views */ = {
			isa = PBXGroup;
			children = (
				FB7042FC271727590073A62E /* CharacterView.swift */,
			);
			path = Views;
			sourceTree = "<group>";
		};
		FB7042F4271726CB0073A62E /* Service */ = {
			isa = PBXGroup;
			children = (
				FB7042F8271727230073A62E /* CharacterService.swift */,
			);
			path = Service;
			sourceTree = "<group>";
		};
		FB7042F5271726D60073A62E /* ViewModel */ = {
			isa = PBXGroup;
			children = (
				FB7042F62717270A0073A62E /* CharacterViewModel.swift */,
			);
			path = ViewModel;
			sourceTree = "<group>";
		};
		FB7043002717279C0073A62E /* Feature */ = {
			isa = PBXGroup;
			children = (
				FB7042F12717256B0073A62E /* Characters */,
			);
			path = Feature;
			sourceTree = "<group>";
		};
		FB704301271727B80073A62E /* Base */ = {
			isa = PBXGroup;
			children = (
				FB704302271727C80073A62E /* Views */,
				FB7042F0271724F50073A62E /* APIContants */,
			);
			path = Base;
			sourceTree = "<group>";
		};
		FB704302271727C80073A62E /* Views */ = {
			isa = PBXGroup;
			children = (
				FB704303271727D80073A62E /* LoadingView */,
			);
			path = Views;
			sourceTree = "<group>";
		};
		FB704303271727D80073A62E /* LoadingView */ = {
			isa = PBXGroup;
			children = (
				FB704304271727F20073A62E /* Loading.swift */,
			);
			path = LoadingView;
			sourceTree = "<group>";
		};
/* End PBXGroup section */

/* Begin PBXNativeTarget section */
		FB7042D7271395120073A62E /* GameOfThronesQuotes */ = {
			isa = PBXNativeTarget;
			buildConfigurationList = FB7042E62713951E0073A62E /* Build configuration list for PBXNativeTarget "GameOfThronesQuotes" */;
			buildPhases = (
				FB7042D4271395120073A62E /* Sources */,
				FB7042D5271395120073A62E /* Frameworks */,
				FB7042D6271395120073A62E /* Resources */,
			);
			buildRules = (
			);
			dependencies = (
			);
			name = GameOfThronesQuotes;
			productName = GameOfThronesQuotes;
			productReference = FB7042D8271395120073A62E /* GameOfThronesQuotes.app */;
			productType = "com.apple.product-type.application";
		};
/* End PBXNativeTarget section */

/* Begin PBXProject section */
		FB7042D0271395110073A62E /* Project object */ = {
			isa = PBXProject;
			attributes = {
				BuildIndependentTargetsInParallel = 1;
				LastSwiftUpdateCheck = 1300;
				LastUpgradeCheck = 1300;
				TargetAttributes = {
					FB7042D7271395120073A62E = {
						CreatedOnToolsVersion = 13.0;
					};
				};
			};
			buildConfigurationList = FB7042D3271395110073A62E /* Build configuration list for PBXProject "GameOfThronesQuotes" */;
			compatibilityVersion = "Xcode 13.0";
			developmentRegion = en;
			hasScannedForEncodings = 0;
			knownRegions = (
				en,
				Base,
			);
			mainGroup = FB7042CF271395110073A62E;
			productRefGroup = FB7042D9271395120073A62E /* Products */;
			projectDirPath = "";
			projectRoot = "";
			targets = (
				FB7042D7271395120073A62E /* GameOfThronesQuotes */,
			);
		};
/* End PBXProject section */

/* Begin PBXResourcesBuildPhase section */
		FB7042D6271395120073A62E /* Resources */ = {
			isa = PBXResourcesBuildPhase;
			buildActionMask = 2147483647;
			files = (
				FB7042E32713951E0073A62E /* Preview Assets.xcassets in Resources */,
				FB7042E02713951E0073A62E /* Assets.xcassets in Resources */,
			);
			runOnlyForDeploymentPostprocessing = 0;
		};
/* End PBXResourcesBuildPhase section */

/* Begin PBXSourcesBuildPhase section */
		FB7042D4271395120073A62E /* Sources */ = {
			isa = PBXSourcesBuildPhase;
			buildActionMask = 2147483647;
			files = (
				FB7042EF2714E70A0073A62E /* Quote.swift in Sources */,
				FB704305271727F20073A62E /* Loading.swift in Sources */,
				FB7042FF2717276C0073A62E /* CharactersScreen.swift in Sources */,
				FB7042F72717270A0073A62E /* CharacterViewModel.swift in Sources */,
				FB7042DE271395130073A62E /* ContentView.swift in Sources */,
				FB7042F9271727240073A62E /* CharacterService.swift in Sources */,
				FB7042DC271395130073A62E /* GameOfThronesQuotesApp.swift in Sources */,
				FB7042ED2714E6880073A62E /* APIConestants.swift in Sources */,
				FB7042FD271727590073A62E /* CharacterView.swift in Sources */,
			);
			runOnlyForDeploymentPostprocessing = 0;
		};
/* End PBXSourcesBuildPhase section */

/* Begin XCBuildConfiguration section */
		FB7042E42713951E0073A62E /* Debug */ = {
			isa = XCBuildConfiguration;
			buildSettings = {
				ALWAYS_SEARCH_USER_PATHS = NO;
				CLANG_ANALYZER_NONNULL = YES;
				CLANG_ANALYZER_NUMBER_OBJECT_CONVERSION = YES_AGGRESSIVE;
				CLANG_CXX_LANGUAGE_STANDARD = "gnu++17";
				CLANG_CXX_LIBRARY = "libc++";
				CLANG_ENABLE_MODULES = YES;
				CLANG_ENABLE_OBJC_ARC = YES;
				CLANG_ENABLE_OBJC_WEAK = YES;
				CLANG_WARN_BLOCK_CAPTURE_AUTORELEASING = YES;
				CLANG_WARN_BOOL_CONVERSION = YES;
				CLANG_WARN_COMMA = YES;
				CLANG_WARN_CONSTANT_CONVERSION = YES;
				CLANG_WARN_DEPRECATED_OBJC_IMPLEMENTATIONS = YES;
				CLANG_WARN_DIRECT_OBJC_ISA_USAGE = YES_ERROR;
				CLANG_WARN_DOCUMENTATION_COMMENTS = YES;
				CLANG_WARN_EMPTY_BODY = YES;
				CLANG_WARN_ENUM_CONVERSION = YES;
				CLANG_WARN_INFINITE_RECURSION = YES;
				CLANG_WARN_INT_CONVERSION = YES;
				CLANG_WARN_NON_LITERAL_NULL_CONVERSION = YES;
				CLANG_WARN_OBJC_IMPLICIT_RETAIN_SELF = YES;
				CLANG_WARN_OBJC_LITERAL_CONVERSION = YES;
				CLANG_WARN_OBJC_ROOT_CLASS = YES_ERROR;
				CLANG_WARN_QUOTED_INCLUDE_IN_FRAMEWORK_HEADER = YES;
				CLANG_WARN_RANGE_LOOP_ANALYSIS = YES;
				CLANG_WARN_STRICT_PROTOTYPES = YES;
				CLANG_WARN_SUSPICIOUS_MOVE = YES;
				CLANG_WARN_UNGUARDED_AVAILABILITY = YES_AGGRESSIVE;
				CLANG_WARN_UNREACHABLE_CODE = YES;
				CLANG_WARN__DUPLICATE_METHOD_MATCH = YES;
				COPY_PHASE_STRIP = NO;
				DEBUG_INFORMATION_FORMAT = dwarf;
				ENABLE_STRICT_OBJC_MSGSEND = YES;
				ENABLE_TESTABILITY = YES;
				GCC_C_LANGUAGE_STANDARD = gnu11;
				GCC_DYNAMIC_NO_PIC = NO;
				GCC_NO_COMMON_BLOCKS = YES;
				GCC_OPTIMIZATION_LEVEL = 0;
				GCC_PREPROCESSOR_DEFINITIONS = (
					"DEBUG=1",
					"$(inherited)",
				);
				GCC_WARN_64_TO_32_BIT_CONVERSION = YES;
				GCC_WARN_ABOUT_RETURN_TYPE = YES_ERROR;
				GCC_WARN_UNDECLARED_SELECTOR = YES;
				GCC_WARN_UNINITIALIZED_AUTOS = YES_AGGRESSIVE;
				GCC_WARN_UNUSED_FUNCTION = YES;
				GCC_WARN_UNUSED_VARIABLE = YES;
				IPHONEOS_DEPLOYMENT_TARGET = 15.0;
				MTL_ENABLE_DEBUG_INFO = INCLUDE_SOURCE;
				MTL_FAST_MATH = YES;
				ONLY_ACTIVE_ARCH = YES;
				SDKROOT = iphoneos;
				SWIFT_ACTIVE_COMPILATION_CONDITIONS = DEBUG;
				SWIFT_OPTIMIZATION_LEVEL = "-Onone";
			};
			name = Debug;
		};
		FB7042E52713951E0073A62E /* Release */ = {
			isa = XCBuildConfiguration;
			buildSettings = {
				ALWAYS_SEARCH_USER_PATHS = NO;
				CLANG_ANALYZER_NONNULL = YES;
				CLANG_ANALYZER_NUMBER_OBJECT_CONVERSION = YES_AGGRESSIVE;
				CLANG_CXX_LANGUAGE_STANDARD = "gnu++17";
				CLANG_CXX_LIBRARY = "libc++";
				CLANG_ENABLE_MODULES = YES;
				CLANG_ENABLE_OBJC_ARC = YES;
				CLANG_ENABLE_OBJC_WEAK = YES;
				CLANG_WARN_BLOCK_CAPTURE_AUTORELEASING = YES;
				CLANG_WARN_BOOL_CONVERSION = YES;
				CLANG_WARN_COMMA = YES;
				CLANG_WARN_CONSTANT_CONVERSION = YES;
				CLANG_WARN_DEPRECATED_OBJC_IMPLEMENTATIONS = YES;
				CLANG_WARN_DIRECT_OBJC_ISA_USAGE = YES_ERROR;
				CLANG_WARN_DOCUMENTATION_COMMENTS = YES;
				CLANG_WARN_EMPTY_BODY = YES;
				CLANG_WARN_ENUM_CONVERSION = YES;
				CLANG_WARN_INFINITE_RECURSION = YES;
				CLANG_WARN_INT_CONVERSION = YES;
				CLANG_WARN_NON_LITERAL_NULL_CONVERSION = YES;
				CLANG_WARN_OBJC_IMPLICIT_RETAIN_SELF = YES;
				CLANG_WARN_OBJC_LITERAL_CONVERSION = YES;
				CLANG_WARN_OBJC_ROOT_CLASS = YES_ERROR;
				CLANG_WARN_QUOTED_INCLUDE_IN_FRAMEWORK_HEADER = YES;
				CLANG_WARN_RANGE_LOOP_ANALYSIS = YES;
				CLANG_WARN_STRICT_PROTOTYPES = YES;
				CLANG_WARN_SUSPICIOUS_MOVE = YES;
				CLANG_WARN_UNGUARDED_AVAILABILITY = YES_AGGRESSIVE;
				CLANG_WARN_UNREACHABLE_CODE = YES;
				CLANG_WARN__DUPLICATE_METHOD_MATCH = YES;
				COPY_PHASE_STRIP = NO;
				DEBUG_INFORMATION_FORMAT = "dwarf-with-dsym";
				ENABLE_NS_ASSERTIONS = NO;
				ENABLE_STRICT_OBJC_MSGSEND = YES;
				GCC_C_LANGUAGE_STANDARD = gnu11;
				GCC_NO_COMMON_BLOCKS = YES;
				GCC_WARN_64_TO_32_BIT_CONVERSION = YES;
				GCC_WARN_ABOUT_RETURN_TYPE = YES_ERROR;
				GCC_WARN_UNDECLARED_SELECTOR = YES;
				GCC_WARN_UNINITIALIZED_AUTOS = YES_AGGRESSIVE;
				GCC_WARN_UNUSED_FUNCTION = YES;
				GCC_WARN_UNUSED_VARIABLE = YES;
				IPHONEOS_DEPLOYMENT_TARGET = 15.0;
				MTL_ENABLE_DEBUG_INFO = NO;
				MTL_FAST_MATH = YES;
				SDKROOT = iphoneos;
				SWIFT_COMPILATION_MODE = wholemodule;
				SWIFT_OPTIMIZATION_LEVEL = "-O";
				VALIDATE_PRODUCT = YES;
			};
			name = Release;
		};
		FB7042E72713951E0073A62E /* Debug */ = {
			isa = XCBuildConfiguration;
			buildSettings = {
				ASSETCATALOG_COMPILER_APPICON_NAME = AppIcon;
				ASSETCATALOG_COMPILER_GLOBAL_ACCENT_COLOR_NAME = AccentColor;
				CODE_SIGN_STYLE = Automatic;
				CURRENT_PROJECT_VERSION = 1;
				DEVELOPMENT_ASSET_PATHS = "\"GameOfThronesQuotes/Preview Content\"";
				DEVELOPMENT_TEAM = MVTMGC7XMB;
				ENABLE_PREVIEWS = YES;
				GENERATE_INFOPLIST_FILE = YES;
				INFOPLIST_KEY_UIApplicationSceneManifest_Generation = YES;
				INFOPLIST_KEY_UIApplicationSupportsIndirectInputEvents = YES;
				INFOPLIST_KEY_UILaunchScreen_Generation = YES;
				INFOPLIST_KEY_UISupportedInterfaceOrientations_iPad = "UIInterfaceOrientationPortrait UIInterfaceOrientationPortraitUpsideDown UIInterfaceOrientationLandscapeLeft UIInterfaceOrientationLandscapeRight";
				INFOPLIST_KEY_UISupportedInterfaceOrientations_iPhone = "UIInterfaceOrientationPortrait UIInterfaceOrientationLandscapeLeft UIInterfaceOrientationLandscapeRight";
				IPHONEOS_DEPLOYMENT_TARGET = 14.0;
				LD_RUNPATH_SEARCH_PATHS = (
					"$(inherited)",
					"@executable_path/Frameworks",
				);
				MARKETING_VERSION = 1.0;
				PRODUCT_BUNDLE_IDENTIFIER = ca.stevenzhang.GameOfThronesQuotes;
				PRODUCT_NAME = "$(TARGET_NAME)";
				SWIFT_EMIT_LOC_STRINGS = YES;
				SWIFT_VERSION = 5.0;
				TARGETED_DEVICE_FAMILY = "1,2";
			};
			name = Debug;
		};
		FB7042E82713951E0073A62E /* Release */ = {
			isa = XCBuildConfiguration;
			buildSettings = {
				ASSETCATALOG_COMPILER_APPICON_NAME = AppIcon;
				ASSETCATALOG_COMPILER_GLOBAL_ACCENT_COLOR_NAME = AccentColor;
				CODE_SIGN_STYLE = Automatic;
				CURRENT_PROJECT_VERSION = 1;
				DEVELOPMENT_ASSET_PATHS = "\"GameOfThronesQuotes/Preview Content\"";
				DEVELOPMENT_TEAM = MVTMGC7XMB;
				ENABLE_PREVIEWS = YES;
				GENERATE_INFOPLIST_FILE = YES;
				INFOPLIST_KEY_UIApplicationSceneManifest_Generation = YES;
				INFOPLIST_KEY_UIApplicationSupportsIndirectInputEvents = YES;
				INFOPLIST_KEY_UILaunchScreen_Generation = YES;
				INFOPLIST_KEY_UISupportedInterfaceOrientations_iPad = "UIInterfaceOrientationPortrait UIInterfaceOrientationPortraitUpsideDown UIInterfaceOrientationLandscapeLeft UIInterfaceOrientationLandscapeRight";
				INFOPLIST_KEY_UISupportedInterfaceOrientations_iPhone = "UIInterfaceOrientationPortrait UIInterfaceOrientationLandscapeLeft UIInterfaceOrientationLandscapeRight";
				IPHONEOS_DEPLOYMENT_TARGET = 14.0;
				LD_RUNPATH_SEARCH_PATHS = (
					"$(inherited)",
					"@executable_path/Frameworks",
				);
				MARKETING_VERSION = 1.0;
				PRODUCT_BUNDLE_IDENTIFIER = ca.stevenzhang.GameOfThronesQuotes;
				PRODUCT_NAME = "$(TARGET_NAME)";
				SWIFT_EMIT_LOC_STRINGS = YES;
				SWIFT_VERSION = 5.0;
				TARGETED_DEVICE_FAMILY = "1,2";
			};
			name = Release;
		};
/* End XCBuildConfiguration section */

/* Begin XCConfigurationList section */
		FB7042D3271395110073A62E /* Build configuration list for PBXProject "GameOfThronesQuotes" */ = {
			isa = XCConfigurationList;
			buildConfigurations = (
				FB7042E42713951E0073A62E /* Debug */,
				FB7042E52713951E0073A62E /* Release */,
			);
			defaultConfigurationIsVisible = 0;
			defaultConfigurationName = Release;
		};
		FB7042E62713951E0073A62E /* Build configuration list for PBXNativeTarget "GameOfThronesQuotes" */ = {
			isa = XCConfigurationList;
			buildConfigurations = (
				FB7042E72713951E0073A62E /* Debug */,
				FB7042E82713951E0073A62E /* Release */,
			);
			defaultConfigurationIsVisible = 0;
			defaultConfigurationName = Release;
		};
/* End XCConfigurationList section */
	};
	rootObject = FB7042D0271395110073A62E /* Project object */;
}
